
Microsoft Visual Studio Solution File, Format Version 12.00
# Visual Studio Version 17
VisualStudioVersion = 17.7.34031.279
MinimumVisualStudioVersion = 10.0.40219.1
Project("{FAE04EC0-301F-11D3-BF4B-00C04F79EFBC}") = "WindowsFormsApp1", "WindowsFormsApp1.csproj", "{FDF8B26A-FDA5-443A-83A7-71A6A6E88DC8}"
EndProject
Project("{2150E333-8FDC-42A3-9474-1A3956D46DE8}") = "Новая папка1", "Новая папка1", "{C15C25D7-8DE9-4F62-9713-4B79D2DA4556}"
EndProject
Global
	GlobalSection(SolutionConfigurationPlatforms) = preSolution
		Debug|Any CPU = Debug|Any CPU
		Release|Any CPU = Release|Any CPU
	EndGlobalSection
	GlobalSection(ProjectConfigurationPlatforms) = postSolution
		{FDF8B26A-FDA5-443A-83A7-71A6A6E88DC8}.Debug|Any CPU.ActiveCfg = Debug|Any CPU
		{FDF8B26A-FDA5-443A-83A7-71A6A6E88DC8}.Debug|Any CPU.Build.0 = Debug|Any CPU
		{FDF8B26A-FDA5-443A-83A7-71A6A6E88DC8}.Release|Any CPU.ActiveCfg = Release|Any CPU
		{FDF8B26A-FDA5-443A-83A7-71A6A6E88DC8}.Release|Any CPU.Build.0 = Release|Any CPU
	EndGlobalSection
	GlobalSection(SolutionProperties) = preSolution
		HideSolutionNode = FALSE
	EndGlobalSection
	GlobalSection(ExtensibilityGlobals) = postSolution
		SolutionGuid = {5B9FD389-2C0D-40CE-A9C0-BF3C900B806B}
	EndGlobalSection
EndGlobal
